
Microsoft Visual Studio Solution File, Format Version 12.00
# Visual Studio Version 17
VisualStudioVersion = 17.11.35005.142
MinimumVisualStudioVersion = 10.0.40219.1
Project("{FAE04EC0-301F-11D3-BF4B-00C04F79EFBC}") = "DotNet8WebApi.SpecificationPattern.Api", "DotNet8WebApi.SpecificationPattern.Api\DotNet8WebApi.SpecificationPattern.Api.csproj", "{E8AAA09E-CB02-4762-977E-4E0503D36A58}"
EndProject
Project("{FAE04EC0-301F-11D3-BF4B-00C04F79EFBC}") = "DotNet8WebApi.SpecificationPattern.DbService", "DotNet8WebApi.SpecificationPattern.DbService\DotNet8WebApi.SpecificationPattern.DbService.csproj", "{7B519956-FFB5-4AF1-AB18-53E067666DBB}"
EndProject
Project("{FAE04EC0-301F-11D3-BF4B-00C04F79EFBC}") = "DotNet8WebApi.SpecificationPattern.Models", "DotNet8WebApi.SpecificationPattern.Models\DotNet8WebApi.SpecificationPattern.Models.csproj", "{563EA210-9B16-4D06-B3E4-A93ABEB2177B}"
EndProject
Project("{FAE04EC0-301F-11D3-BF4B-00C04F79EFBC}") = "DotNet8WebApi.SpecificationPattern.Repositories", "DotNet8WebApi.SpecificationPattern.Repositories\DotNet8WebApi.SpecificationPattern.Repositories.csproj", "{A95625D0-C07F-4F25-861C-B65C72E11923}"
EndProject
Global
	GlobalSection(SolutionConfigurationPlatforms) = preSolution
		Debug|Any CPU = Debug|Any CPU
		Release|Any CPU = Release|Any CPU
	EndGlobalSection
	GlobalSection(ProjectConfigurationPlatforms) = postSolution
		{E8AAA09E-CB02-4762-977E-4E0503D36A58}.Debug|Any CPU.ActiveCfg = Debug|Any CPU
		{E8AAA09E-CB02-4762-977E-4E0503D36A58}.Debug|Any CPU.Build.0 = Debug|Any CPU
		{E8AAA09E-CB02-4762-977E-4E0503D36A58}.Release|Any CPU.ActiveCfg = Release|Any CPU
		{E8AAA09E-CB02-4762-977E-4E0503D36A58}.Release|Any CPU.Build.0 = Release|Any CPU
		{7B519956-FFB5-4AF1-AB18-53E067666DBB}.Debug|Any CPU.ActiveCfg = Debug|Any CPU
		{7B519956-FFB5-4AF1-AB18-53E067666DBB}.Debug|Any CPU.Build.0 = Debug|Any CPU
		{7B519956-FFB5-4AF1-AB18-53E067666DBB}.Release|Any CPU.ActiveCfg = Release|Any CPU
		{7B519956-FFB5-4AF1-AB18-53E067666DBB}.Release|Any CPU.Build.0 = Release|Any CPU
		{563EA210-9B16-4D06-B3E4-A93ABEB2177B}.Debug|Any CPU.ActiveCfg = Debug|Any CPU
		{563EA210-9B16-4D06-B3E4-A93ABEB2177B}.Debug|Any CPU.Build.0 = Debug|Any CPU
		{563EA210-9B16-4D06-B3E4-A93ABEB2177B}.Release|Any CPU.ActiveCfg = Release|Any CPU
		{563EA210-9B16-4D06-B3E4-A93ABEB2177B}.Release|Any CPU.Build.0 = Release|Any CPU
		{A95625D0-C07F-4F25-861C-B65C72E11923}.Debug|Any CPU.ActiveCfg = Debug|Any CPU
		{A95625D0-C07F-4F25-861C-B65C72E11923}.Debug|Any CPU.Build.0 = Debug|Any CPU
		{A95625D0-C07F-4F25-861C-B65C72E11923}.Release|Any CPU.ActiveCfg = Release|Any CPU
		{A95625D0-C07F-4F25-861C-B65C72E11923}.Release|Any CPU.Build.0 = Release|Any CPU
	EndGlobalSection
	GlobalSection(SolutionProperties) = preSolution
		HideSolutionNode = FALSE
	EndGlobalSection
	GlobalSection(ExtensibilityGlobals) = postSolution
		SolutionGuid = {FA89226E-13D9-4920-A9BA-A30795E1777E}
	EndGlobalSection
EndGlobal
